
Microsoft Visual Studio Solution File, Format Version 12.00
# Visual Studio Version 17
VisualStudioVersion = 17.13.35931.197
MinimumVisualStudioVersion = 10.0.40219.1
Project("{8BC9CEB8-8B4A-11D0-8D11-00A0C91BC942}") = "Projectcpp", "Projectcpp\Projectcpp.vcxproj", "{50EB5243-1F15-42B6-9F5D-428E5A818A05}"
EndProject
Project("{8BC9CEB8-8B4A-11D0-8D11-00A0C91BC942}") = "Chapter1", "Chapter1\Chapter1.vcxproj", "{DB789DC2-7CB5-44D8-BBD7-E127360F5677}"
EndProject
Project("{2150E333-8FDC-42A3-9474-1A3956D46DE8}") = "ToyProject", "ToyProject", "{C8D5274F-AC00-46C7-1F8D-E88E81087A52}"
EndProject
Project("{8BC9CEB8-8B4A-11D0-8D11-00A0C91BC942}") = "ToyProject1", "ToyProject1\ToyProject1.vcxproj", "{05F2BF80-5978-45CC-908E-A0B903D22CB8}"
EndProject
Project("{8BC9CEB8-8B4A-11D0-8D11-00A0C91BC942}") = "CH2", "CH2\CH2.vcxproj", "{F8B983A8-C270-4456-89E1-1A1D9FAE3D39}"
EndProject
Project("{2150E333-8FDC-42A3-9474-1A3956D46DE8}") = "CH3", "CH3", "{49BED05E-E2BB-40B7-86DD-96077B706496}"
EndProject
Project("{8BC9CEB8-8B4A-11D0-8D11-00A0C91BC942}") = "Ch3", "Ch3\Ch3.vcxproj", "{9A24B85C-27B1-4E16-8A1A-1BF902BDE0C2}"
EndProject
Project("{2150E333-8FDC-42A3-9474-1A3956D46DE8}") = "CH4", "CH4", "{93F326AF-8D94-4ABE-8658-5FB946548D95}"
EndProject
Project("{8BC9CEB8-8B4A-11D0-8D11-00A0C91BC942}") = "Ch4", "Ch4\Ch4.vcxproj", "{50692C82-55C8-4251-92D8-1DE8FE52884A}"
EndProject
Project("{2150E333-8FDC-42A3-9474-1A3956D46DE8}") = "A-RPG", "A-RPG", "{2EE05460-D52A-47C0-B650-20E05668B251}"
EndProject
Project("{8BC9CEB8-8B4A-11D0-8D11-00A0C91BC942}") = "CPP-CHANGE", "CPP-CHANGE\CPP-CHANGE.vcxproj", "{16D2EFF9-FFC9-4BB0-B27A-B8135D828C9F}"
EndProject
Project("{2150E333-8FDC-42A3-9474-1A3956D46DE8}") = "CH5", "CH5", "{B931F0FC-4608-4086-86A0-6D508A64C20D}"
EndProject
Project("{8BC9CEB8-8B4A-11D0-8D11-00A0C91BC942}") = "Ch5", "Ch5\Ch5.vcxproj", "{5CC79912-9664-4889-AA5F-3027E0FC97C3}"
EndProject
Project("{8BC9CEB8-8B4A-11D0-8D11-00A0C91BC942}") = "BattleSystem", "BattleSystem\BattleSystem.vcxproj", "{0847BAD8-CBE2-4221-80DC-BA172375D925}"
EndProject
Project("{2150E333-8FDC-42A3-9474-1A3956D46DE8}") = "CH6", "CH6", "{A8520A25-0344-4BF6-B9E3-5BA41DF28B55}"
EndProject
Project("{8BC9CEB8-8B4A-11D0-8D11-00A0C91BC942}") = "Ch6", "Ch6\Ch6.vcxproj", "{378E2EE6-AD19-4238-B94C-000546F324CD}"
EndProject
Project("{2150E333-8FDC-42A3-9474-1A3956D46DE8}") = "CH7", "CH7", "{D0B4F1B4-A554-4047-9120-8F9BB3903BBA}"
EndProject
Project("{8BC9CEB8-8B4A-11D0-8D11-00A0C91BC942}") = "Ch7", "Ch7\Ch7.vcxproj", "{69DFC499-6588-4173-82AF-B79C2F7BDC5E}"
EndProject
Project("{2150E333-8FDC-42A3-9474-1A3956D46DE8}") = "CH8", "CH8", "{01142A38-78FF-4E61-9157-E37B7F441A54}"
EndProject
Project("{8BC9CEB8-8B4A-11D0-8D11-00A0C91BC942}") = "Ch8", "Ch8\Ch8.vcxproj", "{A3E18A25-F755-47BE-B5D6-EEB7562702EB}"
EndProject
Project("{2150E333-8FDC-42A3-9474-1A3956D46DE8}") = "A-STUDY", "A-STUDY", "{6D00EC7D-B33F-4560-8855-2333EE0F419C}"
EndProject
Project("{8BC9CEB8-8B4A-11D0-8D11-00A0C91BC942}") = "DIABLO", "DIABLO\DIABLO.vcxproj", "{CD3D5331-A9B8-44BB-B43D-D125F01B9AAD}"
EndProject
Project("{2150E333-8FDC-42A3-9474-1A3956D46DE8}") = "CH9", "CH9", "{2B7F2673-3B01-4028-A0D9-18D80CDC0371}"
EndProject
Project("{8BC9CEB8-8B4A-11D0-8D11-00A0C91BC942}") = "Ch9", "Ch9\Ch9.vcxproj", "{5A2144BD-18DD-449F-8CCE-DAD4E79D0F79}"
EndProject
Project("{2150E333-8FDC-42A3-9474-1A3956D46DE8}") = "CH10", "CH10", "{DF616811-A1D6-4313-8D47-73C50A45327C}"
EndProject
Project("{8BC9CEB8-8B4A-11D0-8D11-00A0C91BC942}") = "Ch10", "Ch10\Ch10.vcxproj", "{6A63358A-93BD-43D4-A07F-B081F87ECB80}"
EndProject
Project("{2150E333-8FDC-42A3-9474-1A3956D46DE8}") = "CH12", "CH12", "{E206BE64-FB6F-4B19-9570-15BA94B25329}"
EndProject
Project("{8BC9CEB8-8B4A-11D0-8D11-00A0C91BC942}") = "Ch12_Sound", "Ch12_Sound\Ch12_Sound.vcxproj", "{FE8CDDF1-56BD-488A-B53A-D301424E3EC4}"
EndProject
Global
	GlobalSection(SolutionConfigurationPlatforms) = preSolution
		Debug|x64 = Debug|x64
		Debug|x86 = Debug|x86
		Release|x64 = Release|x64
		Release|x86 = Release|x86
	EndGlobalSection
	GlobalSection(ProjectConfigurationPlatforms) = postSolution
		{50EB5243-1F15-42B6-9F5D-428E5A818A05}.Debug|x64.ActiveCfg = Debug|x64
		{50EB5243-1F15-42B6-9F5D-428E5A818A05}.Debug|x64.Build.0 = Debug|x64
		{50EB5243-1F15-42B6-9F5D-428E5A818A05}.Debug|x86.ActiveCfg = Debug|Win32
		{50EB5243-1F15-42B6-9F5D-428E5A818A05}.Debug|x86.Build.0 = Debug|Win32
		{50EB5243-1F15-42B6-9F5D-428E5A818A05}.Release|x64.ActiveCfg = Release|x64
		{50EB5243-1F15-42B6-9F5D-428E5A818A05}.Release|x64.Build.0 = Release|x64
		{50EB5243-1F15-42B6-9F5D-428E5A818A05}.Release|x86.ActiveCfg = Release|Win32
		{50EB5243-1F15-42B6-9F5D-428E5A818A05}.Release|x86.Build.0 = Release|Win32
		{DB789DC2-7CB5-44D8-BBD7-E127360F5677}.Debug|x64.ActiveCfg = Debug|x64
		{DB789DC2-7CB5-44D8-BBD7-E127360F5677}.Debug|x64.Build.0 = Debug|x64
		{DB789DC2-7CB5-44D8-BBD7-E127360F5677}.Debug|x86.ActiveCfg = Debug|Win32
		{DB789DC2-7CB5-44D8-BBD7-E127360F5677}.Debug|x86.Build.0 = Debug|Win32
		{DB789DC2-7CB5-44D8-BBD7-E127360F5677}.Release|x64.ActiveCfg = Release|x64
		{DB789DC2-7CB5-44D8-BBD7-E127360F5677}.Release|x64.Build.0 = Release|x64
		{DB789DC2-7CB5-44D8-BBD7-E127360F5677}.Release|x86.ActiveCfg = Release|Win32
		{DB789DC2-7CB5-44D8-BBD7-E127360F5677}.Release|x86.Build.0 = Release|Win32
		{05F2BF80-5978-45CC-908E-A0B903D22CB8}.Debug|x64.ActiveCfg = Debug|x64
		{05F2BF80-5978-45CC-908E-A0B903D22CB8}.Debug|x64.Build.0 = Debug|x64
		{05F2BF80-5978-45CC-908E-A0B903D22CB8}.Debug|x86.ActiveCfg = Debug|Win32
		{05F2BF80-5978-45CC-908E-A0B903D22CB8}.Debug|x86.Build.0 = Debug|Win32
		{05F2BF80-5978-45CC-908E-A0B903D22CB8}.Release|x64.ActiveCfg = Release|x64
		{05F2BF80-5978-45CC-908E-A0B903D22CB8}.Release|x64.Build.0 = Release|x64
		{05F2BF80-5978-45CC-908E-A0B903D22CB8}.Release|x86.ActiveCfg = Release|Win32
		{05F2BF80-5978-45CC-908E-A0B903D22CB8}.Release|x86.Build.0 = Release|Win32
		{F8B983A8-C270-4456-89E1-1A1D9FAE3D39}.Debug|x64.ActiveCfg = Debug|x64
		{F8B983A8-C270-4456-89E1-1A1D9FAE3D39}.Debug|x64.Build.0 = Debug|x64
		{F8B983A8-C270-4456-89E1-1A1D9FAE3D39}.Debug|x86.ActiveCfg = Debug|Win32
		{F8B983A8-C270-4456-89E1-1A1D9FAE3D39}.Debug|x86.Build.0 = Debug|Win32
		{F8B983A8-C270-4456-89E1-1A1D9FAE3D39}.Release|x64.ActiveCfg = Release|x64
		{F8B983A8-C270-4456-89E1-1A1D9FAE3D39}.Release|x64.Build.0 = Release|x64
		{F8B983A8-C270-4456-89E1-1A1D9FAE3D39}.Release|x86.ActiveCfg = Release|Win32
		{F8B983A8-C270-4456-89E1-1A1D9FAE3D39}.Release|x86.Build.0 = Release|Win32
		{9A24B85C-27B1-4E16-8A1A-1BF902BDE0C2}.Debug|x64.ActiveCfg = Debug|x64
		{9A24B85C-27B1-4E16-8A1A-1BF902BDE0C2}.Debug|x64.Build.0 = Debug|x64
		{9A24B85C-27B1-4E16-8A1A-1BF902BDE0C2}.Debug|x86.ActiveCfg = Debug|Win32
		{9A24B85C-27B1-4E16-8A1A-1BF902BDE0C2}.Debug|x86.Build.0 = Debug|Win32
		{9A24B85C-27B1-4E16-8A1A-1BF902BDE0C2}.Release|x64.ActiveCfg = Release|x64
		{9A24B85C-27B1-4E16-8A1A-1BF902BDE0C2}.Release|x64.Build.0 = Release|x64
		{9A24B85C-27B1-4E16-8A1A-1BF902BDE0C2}.Release|x86.ActiveCfg = Release|Win32
		{9A24B85C-27B1-4E16-8A1A-1BF902BDE0C2}.Release|x86.Build.0 = Release|Win32
		{50692C82-55C8-4251-92D8-1DE8FE52884A}.Debug|x64.ActiveCfg = Debug|x64
		{50692C82-55C8-4251-92D8-1DE8FE52884A}.Debug|x64.Build.0 = Debug|x64
		{50692C82-55C8-4251-92D8-1DE8FE52884A}.Debug|x86.ActiveCfg = Debug|Win32
		{50692C82-55C8-4251-92D8-1DE8FE52884A}.Debug|x86.Build.0 = Debug|Win32
		{50692C82-55C8-4251-92D8-1DE8FE52884A}.Release|x64.ActiveCfg = Release|x64
		{50692C82-55C8-4251-92D8-1DE8FE52884A}.Release|x64.Build.0 = Release|x64
		{50692C82-55C8-4251-92D8-1DE8FE52884A}.Release|x86.ActiveCfg = Release|Win32
		{50692C82-55C8-4251-92D8-1DE8FE52884A}.Release|x86.Build.0 = Release|Win32
		{16D2EFF9-FFC9-4BB0-B27A-B8135D828C9F}.Debug|x64.ActiveCfg = Debug|x64
		{16D2EFF9-FFC9-4BB0-B27A-B8135D828C9F}.Debug|x64.Build.0 = Debug|x64
		{16D2EFF9-FFC9-4BB0-B27A-B8135D828C9F}.Debug|x86.ActiveCfg = Debug|Win32
		{16D2EFF9-FFC9-4BB0-B27A-B8135D828C9F}.Debug|x86.Build.0 = Debug|Win32
		{16D2EFF9-FFC9-4BB0-B27A-B8135D828C9F}.Release|x64.ActiveCfg = Release|x64
		{16D2EFF9-FFC9-4BB0-B27A-B8135D828C9F}.Release|x64.Build.0 = Release|x64
		{16D2EFF9-FFC9-4BB0-B27A-B8135D828C9F}.Release|x86.ActiveCfg = Release|Win32
		{16D2EFF9-FFC9-4BB0-B27A-B8135D828C9F}.Release|x86.Build.0 = Release|Win32
		{5CC79912-9664-4889-AA5F-3027E0FC97C3}.Debug|x64.ActiveCfg = Debug|x64
		{5CC79912-9664-4889-AA5F-3027E0FC97C3}.Debug|x64.Build.0 = Debug|x64
		{5CC79912-9664-4889-AA5F-3027E0FC97C3}.Debug|x86.ActiveCfg = Debug|Win32
		{5CC79912-9664-4889-AA5F-3027E0FC97C3}.Debug|x86.Build.0 = Debug|Win32
		{5CC79912-9664-4889-AA5F-3027E0FC97C3}.Release|x64.ActiveCfg = Release|x64
		{5CC79912-9664-4889-AA5F-3027E0FC97C3}.Release|x64.Build.0 = Release|x64
		{5CC79912-9664-4889-AA5F-3027E0FC97C3}.Release|x86.ActiveCfg = Release|Win32
		{5CC79912-9664-4889-AA5F-3027E0FC97C3}.Release|x86.Build.0 = Release|Win32
		{0847BAD8-CBE2-4221-80DC-BA172375D925}.Debug|x64.ActiveCfg = Debug|x64
		{0847BAD8-CBE2-4221-80DC-BA172375D925}.Debug|x64.Build.0 = Debug|x64
		{0847BAD8-CBE2-4221-80DC-BA172375D925}.Debug|x86.ActiveCfg = Debug|Win32
		{0847BAD8-CBE2-4221-80DC-BA172375D925}.Debug|x86.Build.0 = Debug|Win32
		{0847BAD8-CBE2-4221-80DC-BA172375D925}.Release|x64.ActiveCfg = Release|x64
		{0847BAD8-CBE2-4221-80DC-BA172375D925}.Release|x64.Build.0 = Release|x64
		{0847BAD8-CBE2-4221-80DC-BA172375D925}.Release|x86.ActiveCfg = Release|Win32
		{0847BAD8-CBE2-4221-80DC-BA172375D925}.Release|x86.Build.0 = Release|Win32
		{378E2EE6-AD19-4238-B94C-000546F324CD}.Debug|x64.ActiveCfg = Debug|x64
		{378E2EE6-AD19-4238-B94C-000546F324CD}.Debug|x64.Build.0 = Debug|x64
		{378E2EE6-AD19-4238-B94C-000546F324CD}.Debug|x86.ActiveCfg = Debug|Win32
		{378E2EE6-AD19-4238-B94C-000546F324CD}.Debug|x86.Build.0 = Debug|Win32
		{378E2EE6-AD19-4238-B94C-000546F324CD}.Release|x64.ActiveCfg = Release|x64
		{378E2EE6-AD19-4238-B94C-000546F324CD}.Release|x64.Build.0 = Release|x64
		{378E2EE6-AD19-4238-B94C-000546F324CD}.Release|x86.ActiveCfg = Release|Win32
		{378E2EE6-AD19-4238-B94C-000546F324CD}.Release|x86.Build.0 = Release|Win32
		{69DFC499-6588-4173-82AF-B79C2F7BDC5E}.Debug|x64.ActiveCfg = Debug|x64
		{69DFC499-6588-4173-82AF-B79C2F7BDC5E}.Debug|x64.Build.0 = Debug|x64
		{69DFC499-6588-4173-82AF-B79C2F7BDC5E}.Debug|x86.ActiveCfg = Debug|Win32
		{69DFC499-6588-4173-82AF-B79C2F7BDC5E}.Debug|x86.Build.0 = Debug|Win32
		{69DFC499-6588-4173-82AF-B79C2F7BDC5E}.Release|x64.ActiveCfg = Release|x64
		{69DFC499-6588-4173-82AF-B79C2F7BDC5E}.Release|x64.Build.0 = Release|x64
		{69DFC499-6588-4173-82AF-B79C2F7BDC5E}.Release|x86.ActiveCfg = Release|Win32
		{69DFC499-6588-4173-82AF-B79C2F7BDC5E}.Release|x86.Build.0 = Release|Win32
		{A3E18A25-F755-47BE-B5D6-EEB7562702EB}.Debug|x64.ActiveCfg = Debug|x64
		{A3E18A25-F755-47BE-B5D6-EEB7562702EB}.Debug|x64.Build.0 = Debug|x64
		{A3E18A25-F755-47BE-B5D6-EEB7562702EB}.Debug|x86.ActiveCfg = Debug|Win32
		{A3E18A25-F755-47BE-B5D6-EEB7562702EB}.Debug|x86.Build.0 = Debug|Win32
		{A3E18A25-F755-47BE-B5D6-EEB7562702EB}.Release|x64.ActiveCfg = Release|x64
		{A3E18A25-F755-47BE-B5D6-EEB7562702EB}.Release|x64.Build.0 = Release|x64
		{A3E18A25-F755-47BE-B5D6-EEB7562702EB}.Release|x86.ActiveCfg = Release|Win32
		{A3E18A25-F755-47BE-B5D6-EEB7562702EB}.Release|x86.Build.0 = Release|Win32
		{CD3D5331-A9B8-44BB-B43D-D125F01B9AAD}.Debug|x64.ActiveCfg = Debug|x64
		{CD3D5331-A9B8-44BB-B43D-D125F01B9AAD}.Debug|x64.Build.0 = Debug|x64
		{CD3D5331-A9B8-44BB-B43D-D125F01B9AAD}.Debug|x86.ActiveCfg = Debug|Win32
		{CD3D5331-A9B8-44BB-B43D-D125F01B9AAD}.Debug|x86.Build.0 = Debug|Win32
		{CD3D5331-A9B8-44BB-B43D-D125F01B9AAD}.Release|x64.ActiveCfg = Release|x64
		{CD3D5331-A9B8-44BB-B43D-D125F01B9AAD}.Release|x64.Build.0 = Release|x64
		{CD3D5331-A9B8-44BB-B43D-D125F01B9AAD}.Release|x86.ActiveCfg = Release|Win32
		{CD3D5331-A9B8-44BB-B43D-D125F01B9AAD}.Release|x86.Build.0 = Release|Win32
		{5A2144BD-18DD-449F-8CCE-DAD4E79D0F79}.Debug|x64.ActiveCfg = Debug|x64
		{5A2144BD-18DD-449F-8CCE-DAD4E79D0F79}.Debug|x64.Build.0 = Debug|x64
		{5A2144BD-18DD-449F-8CCE-DAD4E79D0F79}.Debug|x86.ActiveCfg = Debug|Win32
		{5A2144BD-18DD-449F-8CCE-DAD4E79D0F79}.Debug|x86.Build.0 = Debug|Win32
		{5A2144BD-18DD-449F-8CCE-DAD4E79D0F79}.Release|x64.ActiveCfg = Release|x64
		{5A2144BD-18DD-449F-8CCE-DAD4E79D0F79}.Release|x64.Build.0 = Release|x64
		{5A2144BD-18DD-449F-8CCE-DAD4E79D0F79}.Release|x86.ActiveCfg = Release|Win32
		{5A2144BD-18DD-449F-8CCE-DAD4E79D0F79}.Release|x86.Build.0 = Release|Win32
		{6A63358A-93BD-43D4-A07F-B081F87ECB80}.Debug|x64.ActiveCfg = Debug|x64
		{6A63358A-93BD-43D4-A07F-B081F87ECB80}.Debug|x64.Build.0 = Debug|x64
		{6A63358A-93BD-43D4-A07F-B081F87ECB80}.Debug|x86.ActiveCfg = Debug|Win32
		{6A63358A-93BD-43D4-A07F-B081F87ECB80}.Debug|x86.Build.0 = Debug|Win32
		{6A63358A-93BD-43D4-A07F-B081F87ECB80}.Release|x64.ActiveCfg = Release|x64
		{6A63358A-93BD-43D4-A07F-B081F87ECB80}.Release|x64.Build.0 = Release|x64
		{6A63358A-93BD-43D4-A07F-B081F87ECB80}.Release|x86.ActiveCfg = Release|Win32
		{6A63358A-93BD-43D4-A07F-B081F87ECB80}.Release|x86.Build.0 = Release|Win32
		{FE8CDDF1-56BD-488A-B53A-D301424E3EC4}.Debug|x64.ActiveCfg = Debug|x64
		{FE8CDDF1-56BD-488A-B53A-D301424E3EC4}.Debug|x64.Build.0 = Debug|x64
		{FE8CDDF1-56BD-488A-B53A-D301424E3EC4}.Debug|x86.ActiveCfg = Debug|Win32
		{FE8CDDF1-56BD-488A-B53A-D301424E3EC4}.Debug|x86.Build.0 = Debug|Win32
		{FE8CDDF1-56BD-488A-B53A-D301424E3EC4}.Release|x64.ActiveCfg = Release|x64
		{FE8CDDF1-56BD-488A-B53A-D301424E3EC4}.Release|x64.Build.0 = Release|x64
		{FE8CDDF1-56BD-488A-B53A-D301424E3EC4}.Release|x86.ActiveCfg = Release|Win32
		{FE8CDDF1-56BD-488A-B53A-D301424E3EC4}.Release|x86.Build.0 = Release|Win32
	EndGlobalSection
	GlobalSection(SolutionProperties) = preSolution
		HideSolutionNode = FALSE
	EndGlobalSection
	GlobalSection(NestedProjects) = preSolution
		{05F2BF80-5978-45CC-908E-A0B903D22CB8} = {C8D5274F-AC00-46C7-1F8D-E88E81087A52}
		{9A24B85C-27B1-4E16-8A1A-1BF902BDE0C2} = {49BED05E-E2BB-40B7-86DD-96077B706496}
		{50692C82-55C8-4251-92D8-1DE8FE52884A} = {93F326AF-8D94-4ABE-8658-5FB946548D95}
		{16D2EFF9-FFC9-4BB0-B27A-B8135D828C9F} = {2EE05460-D52A-47C0-B650-20E05668B251}
		{5CC79912-9664-4889-AA5F-3027E0FC97C3} = {B931F0FC-4608-4086-86A0-6D508A64C20D}
		{378E2EE6-AD19-4238-B94C-000546F324CD} = {A8520A25-0344-4BF6-B9E3-5BA41DF28B55}
		{69DFC499-6588-4173-82AF-B79C2F7BDC5E} = {D0B4F1B4-A554-4047-9120-8F9BB3903BBA}
		{A3E18A25-F755-47BE-B5D6-EEB7562702EB} = {01142A38-78FF-4E61-9157-E37B7F441A54}
		{CD3D5331-A9B8-44BB-B43D-D125F01B9AAD} = {6D00EC7D-B33F-4560-8855-2333EE0F419C}
		{5A2144BD-18DD-449F-8CCE-DAD4E79D0F79} = {2B7F2673-3B01-4028-A0D9-18D80CDC0371}
		{6A63358A-93BD-43D4-A07F-B081F87ECB80} = {DF616811-A1D6-4313-8D47-73C50A45327C}
		{FE8CDDF1-56BD-488A-B53A-D301424E3EC4} = {E206BE64-FB6F-4B19-9570-15BA94B25329}
	EndGlobalSection
	GlobalSection(ExtensibilityGlobals) = postSolution
		SolutionGuid = {C1528F72-23EA-4895-A05B-203092B47140}
	EndGlobalSection
EndGlobal
